
Microsoft Visual Studio Solution File, Format Version 12.00
# Visual Studio Version 17
VisualStudioVersion = 17.8.34525.116
MinimumVisualStudioVersion = 10.0.40219.1
Project("{9A19103F-16F7-4668-BE54-9A1E7A4F7556}") = "Infrastructure", "Infrastructure\Infrastructure.csproj", "{5B92B263-27E8-4932-BBAB-F87A7644B159}"
EndProject
Project("{9A19103F-16F7-4668-BE54-9A1E7A4F7556}") = "Presentation_WPF_Employee", "Presentation_WPF_Employee\Presentation_WPF_Employee.csproj", "{C1BBCC88-12B9-47DB-A7DD-4955FFD2D123}"
EndProject
Project("{FAE04EC0-301F-11D3-BF4B-00C04F79EFBC}") = "Infrastructure.Tests", "Infrastructure.Tests\Infrastructure.Tests.csproj", "{3D121EE3-4445-4761-BB3F-EDE3589FF19C}"
EndProject
Global
	GlobalSection(SolutionConfigurationPlatforms) = preSolution
		Debug|Any CPU = Debug|Any CPU
		Release|Any CPU = Release|Any CPU
	EndGlobalSection
	GlobalSection(ProjectConfigurationPlatforms) = postSolution
		{5B92B263-27E8-4932-BBAB-F87A7644B159}.Debug|Any CPU.ActiveCfg = Debug|Any CPU
		{5B92B263-27E8-4932-BBAB-F87A7644B159}.Debug|Any CPU.Build.0 = Debug|Any CPU
		{5B92B263-27E8-4932-BBAB-F87A7644B159}.Release|Any CPU.ActiveCfg = Release|Any CPU
		{5B92B263-27E8-4932-BBAB-F87A7644B159}.Release|Any CPU.Build.0 = Release|Any CPU
		{C1BBCC88-12B9-47DB-A7DD-4955FFD2D123}.Debug|Any CPU.ActiveCfg = Debug|Any CPU
		{C1BBCC88-12B9-47DB-A7DD-4955FFD2D123}.Debug|Any CPU.Build.0 = Debug|Any CPU
		{C1BBCC88-12B9-47DB-A7DD-4955FFD2D123}.Release|Any CPU.ActiveCfg = Release|Any CPU
		{C1BBCC88-12B9-47DB-A7DD-4955FFD2D123}.Release|Any CPU.Build.0 = Release|Any CPU
		{3D121EE3-4445-4761-BB3F-EDE3589FF19C}.Debug|Any CPU.ActiveCfg = Debug|Any CPU
		{3D121EE3-4445-4761-BB3F-EDE3589FF19C}.Debug|Any CPU.Build.0 = Debug|Any CPU
		{3D121EE3-4445-4761-BB3F-EDE3589FF19C}.Release|Any CPU.ActiveCfg = Release|Any CPU
		{3D121EE3-4445-4761-BB3F-EDE3589FF19C}.Release|Any CPU.Build.0 = Release|Any CPU
	EndGlobalSection
	GlobalSection(SolutionProperties) = preSolution
		HideSolutionNode = FALSE
	EndGlobalSection
	GlobalSection(ExtensibilityGlobals) = postSolution
		SolutionGuid = {C8F08E6D-1B57-4BEE-8C85-BE3D74645B26}
	EndGlobalSection
EndGlobal
